<?xml version="1.0" encoding="utf-8"?>
<Project ToolsVersion="4.0" xmlns="http://schemas.microsoft.com/developer/msbuild/2003">
  <ItemGroup>
    <Filter Include="Source Files">
      <UniqueIdentifier>{4FC737F1-C7A5-4376-A066-2A32D752A2FF}</UniqueIdentifier>
      <Extensions>cpp;c;cc;cxx;def;odl;idl;hpj;bat;asm;asmx</Extensions>
    </Filter>
    <Filter Include="Header Files">
      <UniqueIdentifier>{93995380-89BD-4b04-88EB-625FBE52EBFB}</UniqueIdentifier>
      <Extensions>h;hpp;hxx;hm;inl;inc;xsd</Extensions>
    </Filter>
    <Filter Include="Resource Files">
      <UniqueIdentifier>{67DA6AB6-F800-4c08-8B7A-83BB121AAD01}</UniqueIdentifier>
      <Extensions>rc;ico;cur;bmp;dlg;rc2;rct;bin;rgs;gif;jpg;jpeg;jpe;resx;tiff;tif;png;wav;mfcribbon-ms</Extensions>
    </Filter>
  </ItemGroup>
  <ItemGroup>
    <ClInclude Include="Classes\Pdt.h">
      <Filter>Header Files</Filter>
    </ClInclude>
    <ClInclude Include="Classes\PdtState.h">
      <Filter>Header Files</Filter>
    </ClInclude>
    <ClInclude Include="Classes\Pgt.h">
      <Filter>Header Files</Filter>
    </ClInclude>
    <ClInclude Include="Classes\Slider.h">
      <Filter>Header Files</Filter>
    </ClInclude>
    <ClInclude Include="Math\Sh.h">
      <Filter>Header Files</Filter>
    </ClInclude>
    <ClInclude Include="Math\ShEval.h">
      <Filter>Header Files</Filter>
    </ClInclude>
    <ClInclude Include="Math\Rbf.h">
      <Filter>Header Files</Filter>
    </ClInclude>
    <ClInclude Include="Classes\SceneController.h">
      <Filter>Header Files</Filter>
    </ClInclude>
    <ClInclude Include="Classes\EnvironmentSet.h">
      <Filter>Header Files</Filter>
    </ClInclude>
    <ClInclude Include="Classes\QuatLoader.h">
      <Filter>Header Files</Filter>
    </ClInclude>
    <ClInclude Include="Classes\HandUpdater.h">
      <Filter>Header Files</Filter>
    </ClInclude>
    <ClInclude Include="Classes\BasicSetup.h">
      <Filter>Header Files</Filter>
    </ClInclude>
    <ClInclude Include="Classes\PaperSetup.h">
      <Filter>Header Files</Filter>
    </ClInclude>
  </ItemGroup>
  <ItemGroup>
    <ClCompile Include="Math\ShLight.cpp">
      <Filter>Source Files</Filter>
    </ClCompile>
    <ClCompile Include="Recording.cpp">
      <Filter>Source Files</Filter>
    </ClCompile>
  </ItemGroup>
  <ItemGroup>
    <None Include="Shaders\ssss.vert">
      <Filter>Resource Files</Filter>
    </None>
    <None Include="Shaders\ssss.frag">
      <Filter>Resource Files</Filter>
    </None>
    <None Include="Shaders\simple.frag">
      <Filter>Resource Files</Filter>
    </None>
    <None Include="Shaders\shadow.frag">
      <Filter>Resource Files</Filter>
    </None>
    <None Include="Shaders\pgt.frag">
      <Filter>Resource Files</Filter>
    </None>
    <None Include="Shaders\pdt.frag">
      <Filter>Resource Files</Filter>
    </None>
    <None Include="Shaders\main.vert">
      <Filter>Resource Files</Filter>
    </None>
    <None Include="Shaders\main.frag">
      <Filter>Resource Files</Filter>
    </None>
    <None Include="Shaders\lights.frag">
      <Filter>Resource Files</Filter>
    </None>
    <None Include="Shaders\constantPdt.frag">
      <Filter>Resource Files</Filter>
    </None>
  </ItemGroup>
</Project>